{
  "projects": [
    {
      "projectId": "caTPwKxj5ZrD9LQ7DMdK4Z",
      "version": "2.2.1",
      "dependencies": {},
      "lang": "ts",
      "fileLocks": [
        {
          "type": "globalVariant",
          "assetId": "q2e6W8ulGYz",
          "checksum": "c0cddb7dd09c65236628d522d52af1a3"
        },
        {
          "assetId": "caTPwKxj5ZrD9LQ7DMdK4Z",
          "type": "projectCss",
          "checksum": "01ebcf70a051dcbfad8268ecd0dac58a"
        }
      ],
      "codegenVersion": "0.0.1"
    },
    {
      "projectId": "r3ASNrnyvLLLAtDvzUioQ",
      "version": "2.1.1",
      "dependencies": {},
      "lang": "ts",
      "fileLocks": [
        {
          "type": "globalVariant",
          "assetId": "QvtMAh6IevC",
          "checksum": "b4c14f1981e55253b9162627749eab51"
        },
        {
          "assetId": "r3ASNrnyvLLLAtDvzUioQ",
          "type": "projectCss",
          "checksum": "1ed80188487ebdfcf825864934d0c993"
        }
      ],
      "codegenVersion": "0.0.1"
    },
    {
      "projectId": "enk3K4vZ6pmH6kVCoZJXGn",
      "version": "3.0.2",
      "dependencies": {},
      "lang": "ts",
      "fileLocks": [
        {
          "assetId": "enk3K4vZ6pmH6kVCoZJXGn",
          "type": "projectCss",
          "checksum": "3e4a5a9396306e4c892e1d5dfd5675ac"
        }
      ],
      "codegenVersion": "0.0.1"
    },
    {
      "projectId": "seaQhLVS4bbjiGvJJrRwyL",
      "version": "15.0.3",
      "dependencies": {},
      "lang": "ts",
      "fileLocks": [
        {
          "assetId": "seaQhLVS4bbjiGvJJrRwyL",
          "type": "projectCss",
          "checksum": "96d0c5256c70ddefc2366d3580ce9213"
        }
      ],
      "codegenVersion": "0.0.1"
    },
    {
      "projectId": "qv6zis9xDhh6tqcrgni3fx",
      "version": "latest",
      "dependencies": {
        "seaQhLVS4bbjiGvJJrRwyL": "15.0.3",
        "enk3K4vZ6pmH6kVCoZJXGn": "3.0.2",
        "r3ASNrnyvLLLAtDvzUioQ": "2.1.1",
        "caTPwKxj5ZrD9LQ7DMdK4Z": "2.2.1"
      },
      "lang": "ts",
      "fileLocks": [
        {
          "type": "globalVariant",
          "assetId": "9IzRl7ttvrws2s",
          "checksum": "4a86aeb1c502772d6c3c779ec5c03692"
        },
        {
          "assetId": "qv6zis9xDhh6tqcrgni3fx",
          "type": "projectCss",
          "checksum": "7f69681b5b5e461d7e2ac99c05262316"
        },
        {
          "type": "renderModule",
          "assetId": "Dns-SjFIQm40c",
          "checksum": "1baa1ce4668405277670ee3a66098d2e"
        },
        {
          "type": "cssRules",
          "assetId": "Dns-SjFIQm40c",
          "checksum": "1baa1ce4668405277670ee3a66098d2e"
        },
        {
          "type": "renderModule",
          "assetId": "U_DMo2bvuDbKZ",
          "checksum": "6e3668f38a986e52dee83163111be849"
        },
        {
          "type": "cssRules",
          "assetId": "U_DMo2bvuDbKZ",
          "checksum": "6e3668f38a986e52dee83163111be849"
        },
        {
          "type": "renderModule",
          "assetId": "TyeYjWzjjRVnC",
          "checksum": "e58167e99af717d69e61f577d0a1d0ab"
        },
        {
          "type": "cssRules",
          "assetId": "TyeYjWzjjRVnC",
          "checksum": "e58167e99af717d69e61f577d0a1d0ab"
        },
        {
          "type": "renderModule",
          "assetId": "1lik8XPnzNFi-",
          "checksum": "8b7c8558ff44c119c54338ed93ea70c9"
        },
        {
          "type": "cssRules",
          "assetId": "1lik8XPnzNFi-",
          "checksum": "8b7c8558ff44c119c54338ed93ea70c9"
        },
        {
          "type": "renderModule",
          "assetId": "r-nv1YUgcYmQy",
          "checksum": "b099e2e38de455ebca58a56184e5517f"
        },
        {
          "type": "cssRules",
          "assetId": "r-nv1YUgcYmQy",
          "checksum": "b099e2e38de455ebca58a56184e5517f"
        },
        {
          "type": "renderModule",
          "assetId": "Jfnq8P-EMU09r",
          "checksum": "f18327a36b6447c4a5636537aef79598"
        },
        {
          "type": "cssRules",
          "assetId": "Jfnq8P-EMU09r",
          "checksum": "f18327a36b6447c4a5636537aef79598"
        },
        {
          "type": "renderModule",
          "assetId": "gFRCq2hTeBSgLQ",
          "checksum": "193a37c259931a9e6bf2158024a331e1"
        },
        {
          "type": "cssRules",
          "assetId": "gFRCq2hTeBSgLQ",
          "checksum": "193a37c259931a9e6bf2158024a331e1"
        },
        {
          "type": "renderModule",
          "assetId": "Ea8UwaDeV23XuG",
          "checksum": "7f5baa55f212ee6d4f231b82c8fe4d0c"
        },
        {
          "type": "cssRules",
          "assetId": "Ea8UwaDeV23XuG",
          "checksum": "7f5baa55f212ee6d4f231b82c8fe4d0c"
        },
        {
          "type": "renderModule",
          "assetId": "TXEeEBpJrLP28B",
          "checksum": "1f14c9e2fe1d214c1fa2692b0b17c406"
        },
        {
          "type": "cssRules",
          "assetId": "TXEeEBpJrLP28B",
          "checksum": "1f14c9e2fe1d214c1fa2692b0b17c406"
        },
        {
          "type": "renderModule",
          "assetId": "feZbIvKy_YU8Wr",
          "checksum": "bb61cc140a59a812a1a86fda7e134068"
        },
        {
          "type": "cssRules",
          "assetId": "feZbIvKy_YU8Wr",
          "checksum": "bb61cc140a59a812a1a86fda7e134068"
        },
        {
          "type": "renderModule",
          "assetId": "1ahR-wmi6RdWgQ",
          "checksum": "afe7c4382f93421b38b970d64946a19e"
        },
        {
          "type": "cssRules",
          "assetId": "1ahR-wmi6RdWgQ",
          "checksum": "afe7c4382f93421b38b970d64946a19e"
        },
        {
          "type": "renderModule",
          "assetId": "XQhWt0eIRrQqDg",
          "checksum": "696229188aa471bc7dc54d1655037d9e"
        },
        {
          "type": "cssRules",
          "assetId": "XQhWt0eIRrQqDg",
          "checksum": "696229188aa471bc7dc54d1655037d9e"
        },
        {
          "type": "renderModule",
          "assetId": "AkOwPJYSrfOCdJ",
          "checksum": "664a635fa6406872d63a1bf1aa1cba97"
        },
        {
          "type": "cssRules",
          "assetId": "AkOwPJYSrfOCdJ",
          "checksum": "664a635fa6406872d63a1bf1aa1cba97"
        },
        {
          "type": "renderModule",
          "assetId": "f0rdb6KZHv3jI2",
          "checksum": "5cb5f46aaf3a75ffac93be69091f30f8"
        },
        {
          "type": "cssRules",
          "assetId": "f0rdb6KZHv3jI2",
          "checksum": "5cb5f46aaf3a75ffac93be69091f30f8"
        },
        {
          "type": "renderModule",
          "assetId": "45udksdekvZQSR",
          "checksum": "8fbc657eb52233387503b38f678d7449"
        },
        {
          "type": "cssRules",
          "assetId": "45udksdekvZQSR",
          "checksum": "8fbc657eb52233387503b38f678d7449"
        },
        {
          "type": "renderModule",
          "assetId": "wcLr5_2PVsVByX",
          "checksum": "c4a45e375ae262cd5c8b32ecda9646a0"
        },
        {
          "type": "cssRules",
          "assetId": "wcLr5_2PVsVByX",
          "checksum": "c4a45e375ae262cd5c8b32ecda9646a0"
        },
        {
          "type": "renderModule",
          "assetId": "AmXlPrebXG0U_l",
          "checksum": "d5e5d7edd9e542e7487e1687afd6ff63"
        },
        {
          "type": "cssRules",
          "assetId": "AmXlPrebXG0U_l",
          "checksum": "d5e5d7edd9e542e7487e1687afd6ff63"
        },
        {
          "type": "renderModule",
          "assetId": "8uWVi3XwMc",
          "checksum": "9e902da6baf44fe9d5ace96bcc56ac9f"
        },
        {
          "type": "cssRules",
          "assetId": "8uWVi3XwMc",
          "checksum": "9e902da6baf44fe9d5ace96bcc56ac9f"
        },
        {
          "type": "icon",
          "assetId": "0XpSt9GAwBp5bp",
          "checksum": "2a7560f384d4746802705a13ba642f71"
        },
        {
          "type": "icon",
          "assetId": "NBX_rdvJxj_AXH",
          "checksum": "e93ad09b2e893bcd3741ab476abbc736"
        },
        {
          "type": "icon",
          "assetId": "5OO2rGVmZqad43",
          "checksum": "f62bea304f65e889de6afcab71a126ac"
        },
        {
          "type": "icon",
          "assetId": "kPYcfUZAlq76MA",
          "checksum": "a5c584d60629d4a47da1d68314cddf97"
        },
        {
          "type": "icon",
          "assetId": "xUsbfGrCrJYcyB",
          "checksum": "ae0171b6d0b3903de1c649bce23dc723"
        },
        {
          "type": "icon",
          "assetId": "7WoUNUwDh_M2Og",
          "checksum": "026cf793f5887e2aa02cc1cd9fb095f5"
        },
        {
          "type": "icon",
          "assetId": "LW0oOIfwzm2n7l",
          "checksum": "5a4eae5d8bb1fdf04545dc4229e00555"
        },
        {
          "type": "icon",
          "assetId": "4TJa3d_yuKFgzf",
          "checksum": "c0ecd1878df595c2ef988264ac918235"
        },
        {
          "type": "icon",
          "assetId": "iESmOIT4Tfhq-j",
          "checksum": "901f2a45d291988e816d38c0c1d4a9c1"
        },
        {
          "type": "icon",
          "assetId": "Y7cwhhvv3FJXfG",
          "checksum": "36c5dcdb75d3f4b05e13d6f2990e6e6d"
        },
        {
          "type": "icon",
          "assetId": "gvBBONVnELSBX1",
          "checksum": "c39e85f1d9c6b2e6ad70a5ec74ae65a6"
        },
        {
          "type": "icon",
          "assetId": "Wq1AhFY_wGmAq2",
          "checksum": "cc6e309495654cddc1758e62134ab3d1"
        },
        {
          "type": "icon",
          "assetId": "e0Fzvf0D_SFN2e",
          "checksum": "b1b35a143646a56522db475774326ab2"
        },
        {
          "type": "icon",
          "assetId": "HH3wr0-j0z0xH_",
          "checksum": "9a492beecd7b237f0cb32bc0e217f7d7"
        },
        {
          "type": "icon",
          "assetId": "pQQ_VNk2IhVhu-",
          "checksum": "2ba2c456d472d7b9e5346abe8b97907a"
        },
        {
          "type": "icon",
          "assetId": "eIbhq09lIfoRXD",
          "checksum": "db10866320cafe77fd4598d48ec3c8d9"
        },
        {
          "type": "icon",
          "assetId": "iD8JbYzOeyGRPF",
          "checksum": "0e15ca10b0a27872dd224a70103226e9"
        },
        {
          "type": "icon",
          "assetId": "aNGH81Z5dw-kgi",
          "checksum": "7f527adb97e92fdef7c6167d634bc23f"
        },
        {
          "type": "icon",
          "assetId": "X_gqxThNuV1WaP",
          "checksum": "3d2a24cac38be878013d55a6eed3abc8"
        },
        {
          "type": "icon",
          "assetId": "ZFUQNXPowE13hc",
          "checksum": "d38d5e8c9b17fae00f0152c6023837ae"
        },
        {
          "type": "icon",
          "assetId": "9_4SYWr-20UnXe",
          "checksum": "9dae26c53531b324b25ea24c1ef7447c"
        },
        {
          "type": "icon",
          "assetId": "GmEkM4_vQTPLgP",
          "checksum": "4f748231acc02694ba6db585e75484c0"
        },
        {
          "type": "image",
          "assetId": "brJDSdeS9Hh2Ey",
          "checksum": "ef195d6f7be973154de2f380e85d4cfd"
        },
        {
          "type": "image",
          "assetId": "Ow_fYsI4fjs-jl",
          "checksum": "a4cbca6ce00e32b4611678b91f4e6d76"
        },
        {
          "type": "image",
          "assetId": "OFg7mt-susUUe-",
          "checksum": "07dffcaf7a0b7315ed7fb73f932ebd50"
        },
        {
          "type": "image",
          "assetId": "ebldCgp0gIUwic",
          "checksum": "ee795394edb88ee70149bfbcd23cd1ac"
        },
        {
          "type": "image",
          "assetId": "IB4d79jd9",
          "checksum": "f199afefc2a8f50562f46614d6f9231c"
        },
        {
          "type": "image",
          "assetId": "RTgwemFLb",
          "checksum": "2601ee73323f42d1b8b5300a58ba18fa"
        },
        {
          "type": "image",
          "assetId": "tfKPhVvit",
          "checksum": "0a63b598d90b83ea3a78280dab7b5c71"
        }
      ],
      "codegenVersion": "0.0.1"
    }
  ],
  "cliVersion": "0.1.176"
}
